
Microsoft Visual Studio Solution File, Format Version 12.00
# Visual Studio Version 16
VisualStudioVersion = 16.0.34031.81
MinimumVisualStudioVersion = 10.0.40219.1
Project("{F184B08F-C81C-45F6-A57F-5ABD9991F28F}") = "Projet VB", "Projet VB\Projet VB.vbproj", "{32409C82-1EDA-4725-9F5E-B4E4CAF045CC}"
EndProject
Global
	GlobalSection(SolutionConfigurationPlatforms) = preSolution
		Debug|Any CPU = Debug|Any CPU
		Release|Any CPU = Release|Any CPU
	EndGlobalSection
	GlobalSection(ProjectConfigurationPlatforms) = postSolution
		{32409C82-1EDA-4725-9F5E-B4E4CAF045CC}.Debug|Any CPU.ActiveCfg = Debug|Any CPU
		{32409C82-1EDA-4725-9F5E-B4E4CAF045CC}.Debug|Any CPU.Build.0 = Debug|Any CPU
		{32409C82-1EDA-4725-9F5E-B4E4CAF045CC}.Release|Any CPU.ActiveCfg = Release|Any CPU
		{32409C82-1EDA-4725-9F5E-B4E4CAF045CC}.Release|Any CPU.Build.0 = Release|Any CPU
	EndGlobalSection
	GlobalSection(SolutionProperties) = preSolution
		HideSolutionNode = FALSE
	EndGlobalSection
	GlobalSection(ExtensibilityGlobals) = postSolution
		SolutionGuid = {55D460AA-41C5-4F64-83E5-9208E618B199}
	EndGlobalSection
EndGlobal
